
Microsoft Visual Studio Solution File, Format Version 12.00
# Visual Studio 15
VisualStudioVersion = 15.0.28307.106
MinimumVisualStudioVersion = 10.0.40219.1
Project("{FAE04EC0-301F-11D3-BF4B-00C04F79EFBC}") = "NetCoreMVC", "NetCoreMVC\NetCoreMVC.csproj", "{19C21F95-928B-4ACD-B7BA-50E61F3F3588}"
EndProject
Global
	GlobalSection(SolutionConfigurationPlatforms) = preSolution
		Debug|Any CPU = Debug|Any CPU
		Release|Any CPU = Release|Any CPU
	EndGlobalSection
	GlobalSection(ProjectConfigurationPlatforms) = postSolution
		{19C21F95-928B-4ACD-B7BA-50E61F3F3588}.Debug|Any CPU.ActiveCfg = Debug|Any CPU
		{19C21F95-928B-4ACD-B7BA-50E61F3F3588}.Debug|Any CPU.Build.0 = Debug|Any CPU
		{19C21F95-928B-4ACD-B7BA-50E61F3F3588}.Release|Any CPU.ActiveCfg = Release|Any CPU
		{19C21F95-928B-4ACD-B7BA-50E61F3F3588}.Release|Any CPU.Build.0 = Release|Any CPU
	EndGlobalSection
	GlobalSection(SolutionProperties) = preSolution
		HideSolutionNode = FALSE
	EndGlobalSection
	GlobalSection(ExtensibilityGlobals) = postSolution
		SolutionGuid = {45D5F299-C988-473B-92FB-BC9B7BC0AA5B}
	EndGlobalSection
EndGlobal
